
Microsoft Visual Studio Solution File, Format Version 12.00
# Visual Studio 2012
Project("{2150E333-8FDC-42A3-9474-1A3956D46DE8}") = "Applications", "Applications", "{2AD75841-2250-4DB1-8517-D67E9B45EC68}"
EndProject
Project("{2150E333-8FDC-42A3-9474-1A3956D46DE8}") = "Common", "Common", "{9BBD622B-2BE6-45DF-8A47-15D8D152E554}"
EndProject
Project("{2150E333-8FDC-42A3-9474-1A3956D46DE8}") = "Integration", "Integration", "{2259439B-8D85-41FF-BA59-2D06D03630A6}"
EndProject
Project("{2150E333-8FDC-42A3-9474-1A3956D46DE8}") = "Persistance", "Persistance", "{ACDB20CD-0EA7-4CF5-B612-D76CE02B82A9}"
EndProject
Project("{2150E333-8FDC-42A3-9474-1A3956D46DE8}") = "ProcessService", "ProcessService", "{68C19CB6-44C2-46BC-BD76-E142CF471566}"
EndProject
Project("{2150E333-8FDC-42A3-9474-1A3956D46DE8}") = "Computation", "Computation", "{43033647-555C-42BA-B466-B21EE21154FC}"
EndProject
Project("{2150E333-8FDC-42A3-9474-1A3956D46DE8}") = "Specification", "Specification", "{3BDEB90B-3340-4E27-82CF-55950769C175}"
EndProject
Project("{2150E333-8FDC-42A3-9474-1A3956D46DE8}") = "Domain", "Domain", "{3BDC2DC8-7E92-4EE9-A0B4-9D76E9F260D2}"
EndProject
Project("{2150E333-8FDC-42A3-9474-1A3956D46DE8}") = ".Core", ".Core", "{53FF32E7-2AEB-4A2E-A832-AA0F2474E909}"
EndProject
Project("{FAE04EC0-301F-11D3-BF4B-00C04F79EFBC}") = "TIK.Core", "Core\TIK.Core\TIK.Core.csproj", "{7EBBC8E7-E068-48AC-814C-77AE569AD3F2}"
EndProject
Project("{FAE04EC0-301F-11D3-BF4B-00C04F79EFBC}") = "TIK.WebPortal", "TIK.WebPortal\TIK.WebPortal.csproj", "{39FD8CE0-442E-49BF-B77B-D194C20CF036}"
EndProject
Project("{FAE04EC0-301F-11D3-BF4B-00C04F79EFBC}") = "TIK.ProcessService", "ProcessService\TIK.ProcessService\TIK.ProcessService.csproj", "{A5F0D521-A281-467B-AF7C-F8AFF5A5551A}"
EndProject
Project("{FAE04EC0-301F-11D3-BF4B-00C04F79EFBC}") = "TIK.ProcessService.Hangfire.Bulk", "ProcessService\TIK.ProcessService.Hangfire.Bulk\TIK.ProcessService.Hangfire.Bulk.csproj", "{3D6FF732-CC2B-4E0A-B2A4-38903D763E7B}"
EndProject
Project("{FAE04EC0-301F-11D3-BF4B-00C04F79EFBC}") = "TIK.Computation.ServiceNode.Hangfire", "Computation\TIK.Computation.ServiceNode.Hangfire\TIK.Computation.ServiceNode.Hangfire.csproj", "{87CA1CB2-7224-47D9-8794-DDB595558787}"
EndProject
Project("{FAE04EC0-301F-11D3-BF4B-00C04F79EFBC}") = "TIK.Persistance", "Persistance\TIK.Persistance\TIK.Persistance.csproj", "{C714A71A-8199-4A0B-89AE-E68D31083D7C}"
EndProject
Project("{FAE04EC0-301F-11D3-BF4B-00C04F79EFBC}") = "TIK.Domain", "Domain\TIK.Domain\TIK.Domain.csproj", "{54079592-31F0-4FF2-869F-E1A2FBB40ABF}"
EndProject
Project("{FAE04EC0-301F-11D3-BF4B-00C04F79EFBC}") = "TIK.Persistance.ElasticSearch", "Persistance\TIK.Persistance.ElasticSearch\TIK.Persistance.ElasticSearch.csproj", "{00EA75B0-BFF6-49E3-BB9E-B90F3355D985}"
EndProject
Project("{FAE04EC0-301F-11D3-BF4B-00C04F79EFBC}") = "TIK.Persistance.Redis", "Persistance\TIK.Persistance.Redis\TIK.Persistance.Redis.csproj", "{38A3EEFB-50C1-478F-804D-AF6387BA2298}"
EndProject
Project("{FAE04EC0-301F-11D3-BF4B-00C04F79EFBC}") = "TIK.Applications", "Applications\TIK.Applications\TIK.Applications.csproj", "{8C3CF5D6-E242-440C-B84C-67BB4B7919C4}"
EndProject
Project("{FAE04EC0-301F-11D3-BF4B-00C04F79EFBC}") = "TIK.Applications.Bulk", "Applications\TIK.Applications.Bulk\TIK.Applications.Bulk.csproj", "{6D82349C-25DC-4E1E-999D-ADF7D0DF80AC}"
EndProject
Project("{FAE04EC0-301F-11D3-BF4B-00C04F79EFBC}") = "TIK.Persistance.ElasticSearch.Tests", "Persistance\TIK.Persistance.ElasticSearch.Tests\TIK.Persistance.ElasticSearch.Tests.csproj", "{DC5F48C8-6942-41BF-97F2-3C24003B7760}"
EndProject
Project("{FAE04EC0-301F-11D3-BF4B-00C04F79EFBC}") = "TIK.Applications.Membership", "Applications\TIK.Applications.Membership\TIK.Applications.Membership.csproj", "{C5067687-A47D-4962-8905-8A420F8DE090}"
EndProject
Project("{9344BDBB-3E7F-41FC-A0DD-8665D75EE146}") = "TIK.Applications.DataTransformation", "Applications\TIK.Applications.DataTransformation\TIK.Applications.DataTransformation.csproj", "{FBE8C32C-F5B2-4303-8A36-04DC809DEC12}"
EndProject
Project("{9344BDBB-3E7F-41FC-A0DD-8665D75EE146}") = "TIK.Applications.Single", "Applications\TIK.Applications.Single\TIK.Applications.Single.csproj", "{25888C14-3DFF-4928-A3D7-BB9CDAEFE574}"
EndProject
Project("{9344BDBB-3E7F-41FC-A0DD-8665D75EE146}") = "TIK.Integration", "Integration\TIK.Integration\TIK.Integration.csproj", "{8FEA9242-BE11-4B6C-B74A-F0F4B29CAF3E}"
EndProject
Project("{9344BDBB-3E7F-41FC-A0DD-8665D75EE146}") = "TIK.Integration.SignalR", "Integration\TIK.Integration.SignalR\TIK.Integration.SignalR.csproj", "{9D88C3D5-0E5B-4B56-8EA2-250669950FA9}"
EndProject
Project("{9344BDBB-3E7F-41FC-A0DD-8665D75EE146}") = "TIK.ProcessService.Hangfire.DataTransformation", "ProcessService\TIK.ProcessService.Hangfire.DataTransformation\TIK.ProcessService.Hangfire.DataTransformation.csproj", "{7DAEB9C2-E6FE-4AA0-BE8E-53129C1B5EC2}"
EndProject
Project("{9344BDBB-3E7F-41FC-A0DD-8665D75EE146}") = "TIK.ProcessService.Akka.Single", "ProcessService\TIK.ProcessService.Akka.Single\TIK.ProcessService.Akka.Single.csproj", "{8540F038-0388-4B8F-A07C-B2EA12D20699}"
EndProject
Project("{FAE04EC0-301F-11D3-BF4B-00C04F79EFBC}") = "TIK.ProcessService.Membership", "ProcessService\TIK.ProcessService.Membership\TIK.ProcessService.Membership.csproj", "{D6A51ED1-374C-47EC-A574-4B0343898165}"
EndProject
Project("{9344BDBB-3E7F-41FC-A0DD-8665D75EE146}") = "TIK.Computation", "Computation\TIK.Computation\TIK.Computation.csproj", "{2ED6CF86-630F-4B18-8347-0D0F72DC029F}"
EndProject
Project("{9344BDBB-3E7F-41FC-A0DD-8665D75EE146}") = "TIK.Specification", "Specification\TIK.Specification\TIK.Specification.csproj", "{03F92EC6-3427-4705-B556-20D87417436B}"
EndProject
Project("{9344BDBB-3E7F-41FC-A0DD-8665D75EE146}") = "TIK.UnitTests", "TIK.UnitTests\TIK.UnitTests.csproj", "{3E2BC744-FD76-44CE-BBC0-9CD50304CFB1}"
EndProject
Project("{9344BDBB-3E7F-41FC-A0DD-8665D75EE146}") = "TIK.Governance", "TIK.Governance\TIK.Governance.csproj", "{FD2C222F-FC69-472F-BD3C-591ED24DD411}"
EndProject
Global
	GlobalSection(SolutionConfigurationPlatforms) = preSolution
		Debug|Any CPU = Debug|Any CPU
		Release|Any CPU = Release|Any CPU
	EndGlobalSection
	GlobalSection(ProjectConfigurationPlatforms) = postSolution
		{7EBBC8E7-E068-48AC-814C-77AE569AD3F2}.Debug|Any CPU.ActiveCfg = Debug|Any CPU
		{7EBBC8E7-E068-48AC-814C-77AE569AD3F2}.Debug|Any CPU.Build.0 = Debug|Any CPU
		{7EBBC8E7-E068-48AC-814C-77AE569AD3F2}.Release|Any CPU.ActiveCfg = Release|Any CPU
		{7EBBC8E7-E068-48AC-814C-77AE569AD3F2}.Release|Any CPU.Build.0 = Release|Any CPU
		{39FD8CE0-442E-49BF-B77B-D194C20CF036}.Debug|Any CPU.ActiveCfg = Debug|Any CPU
		{39FD8CE0-442E-49BF-B77B-D194C20CF036}.Debug|Any CPU.Build.0 = Debug|Any CPU
		{39FD8CE0-442E-49BF-B77B-D194C20CF036}.Release|Any CPU.ActiveCfg = Release|Any CPU
		{39FD8CE0-442E-49BF-B77B-D194C20CF036}.Release|Any CPU.Build.0 = Release|Any CPU
		{A5F0D521-A281-467B-AF7C-F8AFF5A5551A}.Debug|Any CPU.ActiveCfg = Debug|Any CPU
		{A5F0D521-A281-467B-AF7C-F8AFF5A5551A}.Debug|Any CPU.Build.0 = Debug|Any CPU
		{A5F0D521-A281-467B-AF7C-F8AFF5A5551A}.Release|Any CPU.ActiveCfg = Release|Any CPU
		{A5F0D521-A281-467B-AF7C-F8AFF5A5551A}.Release|Any CPU.Build.0 = Release|Any CPU
		{3D6FF732-CC2B-4E0A-B2A4-38903D763E7B}.Debug|Any CPU.ActiveCfg = Debug|Any CPU
		{3D6FF732-CC2B-4E0A-B2A4-38903D763E7B}.Debug|Any CPU.Build.0 = Debug|Any CPU
		{3D6FF732-CC2B-4E0A-B2A4-38903D763E7B}.Release|Any CPU.ActiveCfg = Release|Any CPU
		{3D6FF732-CC2B-4E0A-B2A4-38903D763E7B}.Release|Any CPU.Build.0 = Release|Any CPU
		{87CA1CB2-7224-47D9-8794-DDB595558787}.Debug|Any CPU.ActiveCfg = Debug|Any CPU
		{87CA1CB2-7224-47D9-8794-DDB595558787}.Debug|Any CPU.Build.0 = Debug|Any CPU
		{87CA1CB2-7224-47D9-8794-DDB595558787}.Release|Any CPU.ActiveCfg = Release|Any CPU
		{87CA1CB2-7224-47D9-8794-DDB595558787}.Release|Any CPU.Build.0 = Release|Any CPU
		{C714A71A-8199-4A0B-89AE-E68D31083D7C}.Debug|Any CPU.ActiveCfg = Debug|Any CPU
		{C714A71A-8199-4A0B-89AE-E68D31083D7C}.Debug|Any CPU.Build.0 = Debug|Any CPU
		{C714A71A-8199-4A0B-89AE-E68D31083D7C}.Release|Any CPU.ActiveCfg = Release|Any CPU
		{C714A71A-8199-4A0B-89AE-E68D31083D7C}.Release|Any CPU.Build.0 = Release|Any CPU
		{54079592-31F0-4FF2-869F-E1A2FBB40ABF}.Debug|Any CPU.ActiveCfg = Debug|Any CPU
		{54079592-31F0-4FF2-869F-E1A2FBB40ABF}.Debug|Any CPU.Build.0 = Debug|Any CPU
		{54079592-31F0-4FF2-869F-E1A2FBB40ABF}.Release|Any CPU.ActiveCfg = Release|Any CPU
		{54079592-31F0-4FF2-869F-E1A2FBB40ABF}.Release|Any CPU.Build.0 = Release|Any CPU
		{00EA75B0-BFF6-49E3-BB9E-B90F3355D985}.Debug|Any CPU.ActiveCfg = Debug|Any CPU
		{00EA75B0-BFF6-49E3-BB9E-B90F3355D985}.Debug|Any CPU.Build.0 = Debug|Any CPU
		{00EA75B0-BFF6-49E3-BB9E-B90F3355D985}.Release|Any CPU.ActiveCfg = Release|Any CPU
		{00EA75B0-BFF6-49E3-BB9E-B90F3355D985}.Release|Any CPU.Build.0 = Release|Any CPU
		{38A3EEFB-50C1-478F-804D-AF6387BA2298}.Debug|Any CPU.ActiveCfg = Debug|Any CPU
		{38A3EEFB-50C1-478F-804D-AF6387BA2298}.Debug|Any CPU.Build.0 = Debug|Any CPU
		{38A3EEFB-50C1-478F-804D-AF6387BA2298}.Release|Any CPU.ActiveCfg = Release|Any CPU
		{38A3EEFB-50C1-478F-804D-AF6387BA2298}.Release|Any CPU.Build.0 = Release|Any CPU
		{8C3CF5D6-E242-440C-B84C-67BB4B7919C4}.Debug|Any CPU.ActiveCfg = Debug|Any CPU
		{8C3CF5D6-E242-440C-B84C-67BB4B7919C4}.Debug|Any CPU.Build.0 = Debug|Any CPU
		{8C3CF5D6-E242-440C-B84C-67BB4B7919C4}.Release|Any CPU.ActiveCfg = Release|Any CPU
		{8C3CF5D6-E242-440C-B84C-67BB4B7919C4}.Release|Any CPU.Build.0 = Release|Any CPU
		{6D82349C-25DC-4E1E-999D-ADF7D0DF80AC}.Debug|Any CPU.ActiveCfg = Debug|Any CPU
		{6D82349C-25DC-4E1E-999D-ADF7D0DF80AC}.Debug|Any CPU.Build.0 = Debug|Any CPU
		{6D82349C-25DC-4E1E-999D-ADF7D0DF80AC}.Release|Any CPU.ActiveCfg = Release|Any CPU
		{6D82349C-25DC-4E1E-999D-ADF7D0DF80AC}.Release|Any CPU.Build.0 = Release|Any CPU
		{DC5F48C8-6942-41BF-97F2-3C24003B7760}.Debug|Any CPU.ActiveCfg = Debug|Any CPU
		{DC5F48C8-6942-41BF-97F2-3C24003B7760}.Debug|Any CPU.Build.0 = Debug|Any CPU
		{DC5F48C8-6942-41BF-97F2-3C24003B7760}.Release|Any CPU.ActiveCfg = Release|Any CPU
		{DC5F48C8-6942-41BF-97F2-3C24003B7760}.Release|Any CPU.Build.0 = Release|Any CPU
		{C5067687-A47D-4962-8905-8A420F8DE090}.Debug|Any CPU.ActiveCfg = Debug|Any CPU
		{C5067687-A47D-4962-8905-8A420F8DE090}.Debug|Any CPU.Build.0 = Debug|Any CPU
		{C5067687-A47D-4962-8905-8A420F8DE090}.Release|Any CPU.ActiveCfg = Release|Any CPU
		{C5067687-A47D-4962-8905-8A420F8DE090}.Release|Any CPU.Build.0 = Release|Any CPU
		{FBE8C32C-F5B2-4303-8A36-04DC809DEC12}.Debug|Any CPU.ActiveCfg = Debug|Any CPU
		{FBE8C32C-F5B2-4303-8A36-04DC809DEC12}.Debug|Any CPU.Build.0 = Debug|Any CPU
		{FBE8C32C-F5B2-4303-8A36-04DC809DEC12}.Release|Any CPU.ActiveCfg = Release|Any CPU
		{FBE8C32C-F5B2-4303-8A36-04DC809DEC12}.Release|Any CPU.Build.0 = Release|Any CPU
		{25888C14-3DFF-4928-A3D7-BB9CDAEFE574}.Debug|Any CPU.ActiveCfg = Debug|Any CPU
		{25888C14-3DFF-4928-A3D7-BB9CDAEFE574}.Debug|Any CPU.Build.0 = Debug|Any CPU
		{25888C14-3DFF-4928-A3D7-BB9CDAEFE574}.Release|Any CPU.ActiveCfg = Release|Any CPU
		{25888C14-3DFF-4928-A3D7-BB9CDAEFE574}.Release|Any CPU.Build.0 = Release|Any CPU
		{8FEA9242-BE11-4B6C-B74A-F0F4B29CAF3E}.Debug|Any CPU.ActiveCfg = Debug|Any CPU
		{8FEA9242-BE11-4B6C-B74A-F0F4B29CAF3E}.Debug|Any CPU.Build.0 = Debug|Any CPU
		{8FEA9242-BE11-4B6C-B74A-F0F4B29CAF3E}.Release|Any CPU.ActiveCfg = Release|Any CPU
		{8FEA9242-BE11-4B6C-B74A-F0F4B29CAF3E}.Release|Any CPU.Build.0 = Release|Any CPU
		{9D88C3D5-0E5B-4B56-8EA2-250669950FA9}.Debug|Any CPU.ActiveCfg = Debug|Any CPU
		{9D88C3D5-0E5B-4B56-8EA2-250669950FA9}.Debug|Any CPU.Build.0 = Debug|Any CPU
		{9D88C3D5-0E5B-4B56-8EA2-250669950FA9}.Release|Any CPU.ActiveCfg = Release|Any CPU
		{9D88C3D5-0E5B-4B56-8EA2-250669950FA9}.Release|Any CPU.Build.0 = Release|Any CPU
		{7DAEB9C2-E6FE-4AA0-BE8E-53129C1B5EC2}.Debug|Any CPU.ActiveCfg = Debug|Any CPU
		{7DAEB9C2-E6FE-4AA0-BE8E-53129C1B5EC2}.Debug|Any CPU.Build.0 = Debug|Any CPU
		{7DAEB9C2-E6FE-4AA0-BE8E-53129C1B5EC2}.Release|Any CPU.ActiveCfg = Release|Any CPU
		{7DAEB9C2-E6FE-4AA0-BE8E-53129C1B5EC2}.Release|Any CPU.Build.0 = Release|Any CPU
		{8540F038-0388-4B8F-A07C-B2EA12D20699}.Debug|Any CPU.ActiveCfg = Debug|Any CPU
		{8540F038-0388-4B8F-A07C-B2EA12D20699}.Debug|Any CPU.Build.0 = Debug|Any CPU
		{8540F038-0388-4B8F-A07C-B2EA12D20699}.Release|Any CPU.ActiveCfg = Release|Any CPU
		{8540F038-0388-4B8F-A07C-B2EA12D20699}.Release|Any CPU.Build.0 = Release|Any CPU
		{D6A51ED1-374C-47EC-A574-4B0343898165}.Debug|Any CPU.ActiveCfg = Debug|Any CPU
		{D6A51ED1-374C-47EC-A574-4B0343898165}.Debug|Any CPU.Build.0 = Debug|Any CPU
		{D6A51ED1-374C-47EC-A574-4B0343898165}.Release|Any CPU.ActiveCfg = Release|Any CPU
		{D6A51ED1-374C-47EC-A574-4B0343898165}.Release|Any CPU.Build.0 = Release|Any CPU
		{2ED6CF86-630F-4B18-8347-0D0F72DC029F}.Debug|Any CPU.ActiveCfg = Debug|Any CPU
		{2ED6CF86-630F-4B18-8347-0D0F72DC029F}.Debug|Any CPU.Build.0 = Debug|Any CPU
		{2ED6CF86-630F-4B18-8347-0D0F72DC029F}.Release|Any CPU.ActiveCfg = Release|Any CPU
		{2ED6CF86-630F-4B18-8347-0D0F72DC029F}.Release|Any CPU.Build.0 = Release|Any CPU
		{03F92EC6-3427-4705-B556-20D87417436B}.Debug|Any CPU.ActiveCfg = Debug|Any CPU
		{03F92EC6-3427-4705-B556-20D87417436B}.Debug|Any CPU.Build.0 = Debug|Any CPU
		{03F92EC6-3427-4705-B556-20D87417436B}.Release|Any CPU.ActiveCfg = Release|Any CPU
		{03F92EC6-3427-4705-B556-20D87417436B}.Release|Any CPU.Build.0 = Release|Any CPU
		{3E2BC744-FD76-44CE-BBC0-9CD50304CFB1}.Debug|Any CPU.ActiveCfg = Debug|Any CPU
		{3E2BC744-FD76-44CE-BBC0-9CD50304CFB1}.Debug|Any CPU.Build.0 = Debug|Any CPU
		{3E2BC744-FD76-44CE-BBC0-9CD50304CFB1}.Release|Any CPU.ActiveCfg = Release|Any CPU
		{3E2BC744-FD76-44CE-BBC0-9CD50304CFB1}.Release|Any CPU.Build.0 = Release|Any CPU
		{FD2C222F-FC69-472F-BD3C-591ED24DD411}.Debug|Any CPU.ActiveCfg = Debug|Any CPU
		{FD2C222F-FC69-472F-BD3C-591ED24DD411}.Debug|Any CPU.Build.0 = Debug|Any CPU
		{FD2C222F-FC69-472F-BD3C-591ED24DD411}.Release|Any CPU.ActiveCfg = Release|Any CPU
		{FD2C222F-FC69-472F-BD3C-591ED24DD411}.Release|Any CPU.Build.0 = Release|Any CPU
	EndGlobalSection
	GlobalSection(NestedProjects) = preSolution
		{7EBBC8E7-E068-48AC-814C-77AE569AD3F2} = {53FF32E7-2AEB-4A2E-A832-AA0F2474E909}
		{A5F0D521-A281-467B-AF7C-F8AFF5A5551A} = {68C19CB6-44C2-46BC-BD76-E142CF471566}
		{3D6FF732-CC2B-4E0A-B2A4-38903D763E7B} = {68C19CB6-44C2-46BC-BD76-E142CF471566}
		{87CA1CB2-7224-47D9-8794-DDB595558787} = {43033647-555C-42BA-B466-B21EE21154FC}
		{C714A71A-8199-4A0B-89AE-E68D31083D7C} = {ACDB20CD-0EA7-4CF5-B612-D76CE02B82A9}
		{54079592-31F0-4FF2-869F-E1A2FBB40ABF} = {3BDC2DC8-7E92-4EE9-A0B4-9D76E9F260D2}
		{00EA75B0-BFF6-49E3-BB9E-B90F3355D985} = {ACDB20CD-0EA7-4CF5-B612-D76CE02B82A9}
		{38A3EEFB-50C1-478F-804D-AF6387BA2298} = {ACDB20CD-0EA7-4CF5-B612-D76CE02B82A9}
		{8C3CF5D6-E242-440C-B84C-67BB4B7919C4} = {2AD75841-2250-4DB1-8517-D67E9B45EC68}
		{6D82349C-25DC-4E1E-999D-ADF7D0DF80AC} = {2AD75841-2250-4DB1-8517-D67E9B45EC68}
		{DC5F48C8-6942-41BF-97F2-3C24003B7760} = {ACDB20CD-0EA7-4CF5-B612-D76CE02B82A9}
		{C5067687-A47D-4962-8905-8A420F8DE090} = {2AD75841-2250-4DB1-8517-D67E9B45EC68}
		{FBE8C32C-F5B2-4303-8A36-04DC809DEC12} = {2AD75841-2250-4DB1-8517-D67E9B45EC68}
		{25888C14-3DFF-4928-A3D7-BB9CDAEFE574} = {2AD75841-2250-4DB1-8517-D67E9B45EC68}
		{8FEA9242-BE11-4B6C-B74A-F0F4B29CAF3E} = {2259439B-8D85-41FF-BA59-2D06D03630A6}
		{9D88C3D5-0E5B-4B56-8EA2-250669950FA9} = {2259439B-8D85-41FF-BA59-2D06D03630A6}
		{7DAEB9C2-E6FE-4AA0-BE8E-53129C1B5EC2} = {68C19CB6-44C2-46BC-BD76-E142CF471566}
		{8540F038-0388-4B8F-A07C-B2EA12D20699} = {68C19CB6-44C2-46BC-BD76-E142CF471566}
		{D6A51ED1-374C-47EC-A574-4B0343898165} = {68C19CB6-44C2-46BC-BD76-E142CF471566}
		{2ED6CF86-630F-4B18-8347-0D0F72DC029F} = {43033647-555C-42BA-B466-B21EE21154FC}
		{03F92EC6-3427-4705-B556-20D87417436B} = {3BDEB90B-3340-4E27-82CF-55950769C175}
	EndGlobalSection
EndGlobal
