
Microsoft Visual Studio Solution File, Format Version 12.00
# Visual Studio 2012
Project("{2150E333-8FDC-42A3-9474-1A3956D46DE8}") = "Applications", "Applications", "{2AD75841-2250-4DB1-8517-D67E9B45EC68}"
EndProject
Project("{2150E333-8FDC-42A3-9474-1A3956D46DE8}") = "Integration", "Integration", "{2259439B-8D85-41FF-BA59-2D06D03630A6}"
EndProject
Project("{2150E333-8FDC-42A3-9474-1A3956D46DE8}") = "Persistance", "Persistance", "{ACDB20CD-0EA7-4CF5-B612-D76CE02B82A9}"
EndProject
Project("{2150E333-8FDC-42A3-9474-1A3956D46DE8}") = "ProcessService", "ProcessService", "{68C19CB6-44C2-46BC-BD76-E142CF471566}"
EndProject
Project("{2150E333-8FDC-42A3-9474-1A3956D46DE8}") = "Computation", "Computation", "{43033647-555C-42BA-B466-B21EE21154FC}"
EndProject
Project("{2150E333-8FDC-42A3-9474-1A3956D46DE8}") = "Specification", "Specification", "{3BDEB90B-3340-4E27-82CF-55950769C175}"
EndProject
Project("{2150E333-8FDC-42A3-9474-1A3956D46DE8}") = "Domain", "Domain", "{3BDC2DC8-7E92-4EE9-A0B4-9D76E9F260D2}"
EndProject
Project("{2150E333-8FDC-42A3-9474-1A3956D46DE8}") = ".Core", ".Core", "{53FF32E7-2AEB-4A2E-A832-AA0F2474E909}"
EndProject
Project("{2150E333-8FDC-42A3-9474-1A3956D46DE8}") = "Consumers", "Consumers", "{17223F87-D5F2-4B0C-9769-DDC1FF5C9701}"
EndProject
Project("{FAE04EC0-301F-11D3-BF4B-00C04F79EFBC}") = "TIK.Specification", "Specification\TIK.Specification\TIK.Specification.csproj", "{B6FE9232-2FC8-4FD6-B5E6-E491727B5B3B}"
EndProject
Project("{FAE04EC0-301F-11D3-BF4B-00C04F79EFBC}") = "TIK.Applications.Crawler", "Applications\TIK.Applications.Crawler\TIK.Applications.Crawler.csproj", "{FDB08755-C4A3-467D-A687-D60542176505}"
EndProject
Project("{FAE04EC0-301F-11D3-BF4B-00C04F79EFBC}") = "TIK.Applications.Identity", "Applications\Identity\TIK.Applications.Identity.csproj", "{CF247D8F-2534-4BB5-9BB9-3610D9578639}"
EndProject
Project("{FAE04EC0-301F-11D3-BF4B-00C04F79EFBC}") = "TIK.Applications.DataTransformation", "Applications\DataTransformation\TIK.Applications.DataTransformation.csproj", "{95968859-7729-4F0F-83A8-0FB4B1BED72A}"
EndProject
Project("{FAE04EC0-301F-11D3-BF4B-00C04F79EFBC}") = "TIK.Applications.Batch", "Applications\Batch\TIK.Applications.Batch.csproj", "{AECCAE0C-1B6F-4B01-B0F0-41FF2A289C9A}"
EndProject
Project("{FAE04EC0-301F-11D3-BF4B-00C04F79EFBC}") = "TIK.Applications.Notification", "Applications\Notification\TIK.Applications.Notification.csproj", "{34018F66-6095-4769-8CE9-D590F9DFB30A}"
EndProject
Project("{FAE04EC0-301F-11D3-BF4B-00C04F79EFBC}") = "TIK.Applications.Online", "Applications\Online\TIK.Applications.Online.csproj", "{D0F3BC18-C15C-44A2-9C9F-0A31C9227C4D}"
EndProject
Project("{FAE04EC0-301F-11D3-BF4B-00C04F79EFBC}") = "TIK.Integration.SignalR", "Integration\SignalR\TIK.Integration.SignalR.csproj", "{C2C69E7D-51EF-4D72-8AD5-3C9B71C7DE4D}"
EndProject
Project("{FAE04EC0-301F-11D3-BF4B-00C04F79EFBC}") = "TIK.Integration.WebApi", "Integration\WebApi\TIK.Integration.WebApi.csproj", "{2B9E1161-13DD-4337-886F-18F75F2CEB02}"
EndProject
Project("{9344BDBB-3E7F-41FC-A0DD-8665D75EE146}") = "TIK.Integration.WebApi.Tests", "Integration\WebApi.Tests\TIK.Integration.WebApi.Tests.csproj", "{C8E5477D-1D65-43A4-8BCA-F3CA048B19B5}"
EndProject
Project("{FAE04EC0-301F-11D3-BF4B-00C04F79EFBC}") = "TIK.Persistance.ElasticSearch", "Persistance\ElasticSearch\TIK.Persistance.ElasticSearch.csproj", "{1E755433-9EDB-457A-BE8C-D1DC319B4621}"
EndProject
Project("{9344BDBB-3E7F-41FC-A0DD-8665D75EE146}") = "TIK.Persistance.Redis", "Persistance\Redis\TIK.Persistance.Redis.csproj", "{F82A6987-EB75-45B1-8F49-EE8A6FD5043E}"
EndProject
Project("{FAE04EC0-301F-11D3-BF4B-00C04F79EFBC}") = "TIK.Persistance.ElasticSearch.Tests", "Persistance\ElasticSearch.Tests\TIK.Persistance.ElasticSearch.Tests.csproj", "{449004E5-CCEE-4355-93AA-CF200F26F113}"
EndProject
Project("{9344BDBB-3E7F-41FC-A0DD-8665D75EE146}") = "TIK.Persistance.SQLite", "Persistance\SQLite\TIK.Persistance.SQLite.csproj", "{38780598-D513-419D-B4B8-7012678A8D2D}"
EndProject
Project("{FAE04EC0-301F-11D3-BF4B-00C04F79EFBC}") = "TIK.ProcessService.DataTransformation", "ProcessService\DataTransformation\TIK.ProcessService.DataTransformation.csproj", "{B5DBF03F-BE7F-428B-AF46-DF4EAE0FB41C}"
EndProject
Project("{FAE04EC0-301F-11D3-BF4B-00C04F79EFBC}") = "TIK.ProcessService.Batch", "ProcessService\Batch\TIK.ProcessService.Batch.csproj", "{4896BB6C-EC16-4F4B-B802-C2DC6DE2A335}"
EndProject
Project("{FAE04EC0-301F-11D3-BF4B-00C04F79EFBC}") = "TIK.ProcessService.Online", "ProcessService\Online\TIK.ProcessService.Online.csproj", "{27DE85E6-7501-43DF-B95E-C7AFF42AFE13}"
EndProject
Project("{FAE04EC0-301F-11D3-BF4B-00C04F79EFBC}") = "TIK.ProcessService.Notification", "ProcessService\Notification\TIK.ProcessService.Notification.csproj", "{676E5F7F-8A07-4B81-8651-84B20B8C6A37}"
EndProject
Project("{FAE04EC0-301F-11D3-BF4B-00C04F79EFBC}") = "TIK.ProcessService.Identity", "ProcessService\Identity\TIK.ProcessService.Identity.csproj", "{790A0827-2AAE-4225-991F-E02EFFAEF68A}"
EndProject
Project("{FAE04EC0-301F-11D3-BF4B-00C04F79EFBC}") = "TIK.Computation.Hangfire", "Computation\Hangfire\TIK.Computation.Hangfire.csproj", "{C2CBF0ED-2386-4323-B0B5-AC0FA2BD9E41}"
EndProject
Project("{FAE04EC0-301F-11D3-BF4B-00C04F79EFBC}") = "TIK.Computation.AkkaSeed", "Computation\AkkaSeed\TIK.Computation.AkkaSeed.csproj", "{006011BE-3A17-4964-A05B-6F9ED1FB098E}"
EndProject
Project("{FAE04EC0-301F-11D3-BF4B-00C04F79EFBC}") = "TIK.Domain", "Domain\TIK.Domain\TIK.Domain.csproj", "{E4F88EA6-04F7-4668-B12F-5432841DE266}"
EndProject
Project("{FAE04EC0-301F-11D3-BF4B-00C04F79EFBC}") = "TIK.Core", "Core\TIK.Core\TIK.Core.csproj", "{D403C6DE-3D8B-451D-A06B-68F8108E9199}"
EndProject
Project("{FAE04EC0-301F-11D3-BF4B-00C04F79EFBC}") = "TIK.Persistance", "Core\TIK.Persistance\TIK.Persistance.csproj", "{58FCE958-17AE-4EE2-A0B7-2E320430FF37}"
EndProject
Project("{FAE04EC0-301F-11D3-BF4B-00C04F79EFBC}") = "TIK.Applications", "Core\TIK.Applications\TIK.Applications.csproj", "{77F35A39-8822-4DB1-B789-2D7A78A68B06}"
EndProject
Project("{FAE04EC0-301F-11D3-BF4B-00C04F79EFBC}") = "TIK.Integration", "Core\TIK.Integration\TIK.Integration.csproj", "{B8810327-416D-4F59-9417-575A3D5C665D}"
EndProject
Project("{FAE04EC0-301F-11D3-BF4B-00C04F79EFBC}") = "TIK.Computation", "Core\TIK.Computation\TIK.Computation.csproj", "{D4930DD0-5511-43B0-9934-D57F43067C69}"
EndProject
Project("{FAE04EC0-301F-11D3-BF4B-00C04F79EFBC}") = "TIK.ProcessService", "Core\TIK.ProcessService\TIK.ProcessService.csproj", "{62B2C1BF-7D00-4427-9463-CC6028633284}"
EndProject
Project("{9344BDBB-3E7F-41FC-A0DD-8665D75EE146}") = "TIK.Consumers.Sockets", "Consumers\Sockets\TIK.Consumers.Sockets.csproj", "{D9BBAF0F-FC4F-4CD3-A16C-2BF81B60FE3A}"
EndProject
Project("{FAE04EC0-301F-11D3-BF4B-00C04F79EFBC}") = "TIK.Governance", "TIK.Governance\TIK.Governance.csproj", "{C5D54BF5-FF3E-4BA4-A15B-D41AC4D37344}"
EndProject
Project("{FAE04EC0-301F-11D3-BF4B-00C04F79EFBC}") = "TIK.WebPortal", "TIK.WebPortal\TIK.WebPortal.csproj", "{124144A9-901F-4ED9-BEF5-1B52E7A6CE0B}"
EndProject
Project("{FAE04EC0-301F-11D3-BF4B-00C04F79EFBC}") = "TIK.UnitTests", "TIK.UnitTests\TIK.UnitTests.csproj", "{6F395D12-3B39-4AC4-9CB4-B80097F8C879}"
EndProject
Project("{FAE04EC0-301F-11D3-BF4B-00C04F79EFBC}") = "TIK.WebSignalR", "TIK.WebSignalR\TIK.WebSignalR.csproj", "{CF65919D-1FFD-45BA-9E5A-923566CF0951}"
EndProject
Project("{9344BDBB-3E7F-41FC-A0DD-8665D75EE146}") = "docker-compose", "docker-compose.dcproj", "{12256D69-5264-472F-A567-B47525901438}"
EndProject
Project("{2150E333-8FDC-42A3-9474-1A3956D46DE8}") = "UnitTests", "UnitTests", "{397B3811-4258-43FB-98A5-131A1E7E1C3E}"
EndProject
Project("{2150E333-8FDC-42A3-9474-1A3956D46DE8}") = "Applications", "Applications", "{0C27103A-574D-4B76-BFCD-4E8B13F49A8F}"
EndProject
Project("{FAE04EC0-301F-11D3-BF4B-00C04F79EFBC}") = "TIK.Applications.Crawler.Tests", "UnitTests\Applications\TIK.Applications.Crawler.Tests\TIK.Applications.Crawler.Tests.csproj", "{C5C332D9-8BFD-4F66-A232-F5A1DDA93EB5}"
EndProject
Global
	GlobalSection(SolutionConfigurationPlatforms) = preSolution
		Debug|Any CPU = Debug|Any CPU
		Release|Any CPU = Release|Any CPU
	EndGlobalSection
	GlobalSection(ProjectConfigurationPlatforms) = postSolution
		{B6FE9232-2FC8-4FD6-B5E6-E491727B5B3B}.Debug|Any CPU.ActiveCfg = Debug|Any CPU
		{B6FE9232-2FC8-4FD6-B5E6-E491727B5B3B}.Debug|Any CPU.Build.0 = Debug|Any CPU
		{B6FE9232-2FC8-4FD6-B5E6-E491727B5B3B}.Release|Any CPU.ActiveCfg = Release|Any CPU
		{B6FE9232-2FC8-4FD6-B5E6-E491727B5B3B}.Release|Any CPU.Build.0 = Release|Any CPU
		{FDB08755-C4A3-467D-A687-D60542176505}.Debug|Any CPU.ActiveCfg = Debug|Any CPU
		{FDB08755-C4A3-467D-A687-D60542176505}.Debug|Any CPU.Build.0 = Debug|Any CPU
		{FDB08755-C4A3-467D-A687-D60542176505}.Release|Any CPU.ActiveCfg = Release|Any CPU
		{FDB08755-C4A3-467D-A687-D60542176505}.Release|Any CPU.Build.0 = Release|Any CPU
		{CF247D8F-2534-4BB5-9BB9-3610D9578639}.Debug|Any CPU.ActiveCfg = Debug|Any CPU
		{CF247D8F-2534-4BB5-9BB9-3610D9578639}.Debug|Any CPU.Build.0 = Debug|Any CPU
		{CF247D8F-2534-4BB5-9BB9-3610D9578639}.Release|Any CPU.ActiveCfg = Release|Any CPU
		{CF247D8F-2534-4BB5-9BB9-3610D9578639}.Release|Any CPU.Build.0 = Release|Any CPU
		{95968859-7729-4F0F-83A8-0FB4B1BED72A}.Debug|Any CPU.ActiveCfg = Debug|Any CPU
		{95968859-7729-4F0F-83A8-0FB4B1BED72A}.Debug|Any CPU.Build.0 = Debug|Any CPU
		{95968859-7729-4F0F-83A8-0FB4B1BED72A}.Release|Any CPU.ActiveCfg = Release|Any CPU
		{95968859-7729-4F0F-83A8-0FB4B1BED72A}.Release|Any CPU.Build.0 = Release|Any CPU
		{AECCAE0C-1B6F-4B01-B0F0-41FF2A289C9A}.Debug|Any CPU.ActiveCfg = Debug|Any CPU
		{AECCAE0C-1B6F-4B01-B0F0-41FF2A289C9A}.Debug|Any CPU.Build.0 = Debug|Any CPU
		{AECCAE0C-1B6F-4B01-B0F0-41FF2A289C9A}.Release|Any CPU.ActiveCfg = Release|Any CPU
		{AECCAE0C-1B6F-4B01-B0F0-41FF2A289C9A}.Release|Any CPU.Build.0 = Release|Any CPU
		{34018F66-6095-4769-8CE9-D590F9DFB30A}.Debug|Any CPU.ActiveCfg = Debug|Any CPU
		{34018F66-6095-4769-8CE9-D590F9DFB30A}.Debug|Any CPU.Build.0 = Debug|Any CPU
		{34018F66-6095-4769-8CE9-D590F9DFB30A}.Release|Any CPU.ActiveCfg = Release|Any CPU
		{34018F66-6095-4769-8CE9-D590F9DFB30A}.Release|Any CPU.Build.0 = Release|Any CPU
		{D0F3BC18-C15C-44A2-9C9F-0A31C9227C4D}.Debug|Any CPU.ActiveCfg = Debug|Any CPU
		{D0F3BC18-C15C-44A2-9C9F-0A31C9227C4D}.Debug|Any CPU.Build.0 = Debug|Any CPU
		{D0F3BC18-C15C-44A2-9C9F-0A31C9227C4D}.Release|Any CPU.ActiveCfg = Release|Any CPU
		{D0F3BC18-C15C-44A2-9C9F-0A31C9227C4D}.Release|Any CPU.Build.0 = Release|Any CPU
		{C2C69E7D-51EF-4D72-8AD5-3C9B71C7DE4D}.Debug|Any CPU.ActiveCfg = Debug|Any CPU
		{C2C69E7D-51EF-4D72-8AD5-3C9B71C7DE4D}.Debug|Any CPU.Build.0 = Debug|Any CPU
		{C2C69E7D-51EF-4D72-8AD5-3C9B71C7DE4D}.Release|Any CPU.ActiveCfg = Release|Any CPU
		{C2C69E7D-51EF-4D72-8AD5-3C9B71C7DE4D}.Release|Any CPU.Build.0 = Release|Any CPU
		{2B9E1161-13DD-4337-886F-18F75F2CEB02}.Debug|Any CPU.ActiveCfg = Debug|Any CPU
		{2B9E1161-13DD-4337-886F-18F75F2CEB02}.Debug|Any CPU.Build.0 = Debug|Any CPU
		{2B9E1161-13DD-4337-886F-18F75F2CEB02}.Release|Any CPU.ActiveCfg = Release|Any CPU
		{2B9E1161-13DD-4337-886F-18F75F2CEB02}.Release|Any CPU.Build.0 = Release|Any CPU
		{C8E5477D-1D65-43A4-8BCA-F3CA048B19B5}.Debug|Any CPU.ActiveCfg = Debug|Any CPU
		{C8E5477D-1D65-43A4-8BCA-F3CA048B19B5}.Debug|Any CPU.Build.0 = Debug|Any CPU
		{C8E5477D-1D65-43A4-8BCA-F3CA048B19B5}.Release|Any CPU.ActiveCfg = Release|Any CPU
		{C8E5477D-1D65-43A4-8BCA-F3CA048B19B5}.Release|Any CPU.Build.0 = Release|Any CPU
		{1E755433-9EDB-457A-BE8C-D1DC319B4621}.Debug|Any CPU.ActiveCfg = Debug|Any CPU
		{1E755433-9EDB-457A-BE8C-D1DC319B4621}.Debug|Any CPU.Build.0 = Debug|Any CPU
		{1E755433-9EDB-457A-BE8C-D1DC319B4621}.Release|Any CPU.ActiveCfg = Release|Any CPU
		{1E755433-9EDB-457A-BE8C-D1DC319B4621}.Release|Any CPU.Build.0 = Release|Any CPU
		{F82A6987-EB75-45B1-8F49-EE8A6FD5043E}.Debug|Any CPU.ActiveCfg = Debug|Any CPU
		{F82A6987-EB75-45B1-8F49-EE8A6FD5043E}.Debug|Any CPU.Build.0 = Debug|Any CPU
		{F82A6987-EB75-45B1-8F49-EE8A6FD5043E}.Release|Any CPU.ActiveCfg = Release|Any CPU
		{F82A6987-EB75-45B1-8F49-EE8A6FD5043E}.Release|Any CPU.Build.0 = Release|Any CPU
		{449004E5-CCEE-4355-93AA-CF200F26F113}.Debug|Any CPU.ActiveCfg = Debug|Any CPU
		{449004E5-CCEE-4355-93AA-CF200F26F113}.Debug|Any CPU.Build.0 = Debug|Any CPU
		{449004E5-CCEE-4355-93AA-CF200F26F113}.Release|Any CPU.ActiveCfg = Release|Any CPU
		{449004E5-CCEE-4355-93AA-CF200F26F113}.Release|Any CPU.Build.0 = Release|Any CPU
		{38780598-D513-419D-B4B8-7012678A8D2D}.Debug|Any CPU.ActiveCfg = Debug|Any CPU
		{38780598-D513-419D-B4B8-7012678A8D2D}.Debug|Any CPU.Build.0 = Debug|Any CPU
		{38780598-D513-419D-B4B8-7012678A8D2D}.Release|Any CPU.ActiveCfg = Release|Any CPU
		{38780598-D513-419D-B4B8-7012678A8D2D}.Release|Any CPU.Build.0 = Release|Any CPU
		{B5DBF03F-BE7F-428B-AF46-DF4EAE0FB41C}.Debug|Any CPU.ActiveCfg = Debug|Any CPU
		{B5DBF03F-BE7F-428B-AF46-DF4EAE0FB41C}.Debug|Any CPU.Build.0 = Debug|Any CPU
		{B5DBF03F-BE7F-428B-AF46-DF4EAE0FB41C}.Release|Any CPU.ActiveCfg = Release|Any CPU
		{B5DBF03F-BE7F-428B-AF46-DF4EAE0FB41C}.Release|Any CPU.Build.0 = Release|Any CPU
		{4896BB6C-EC16-4F4B-B802-C2DC6DE2A335}.Debug|Any CPU.ActiveCfg = Debug|Any CPU
		{4896BB6C-EC16-4F4B-B802-C2DC6DE2A335}.Debug|Any CPU.Build.0 = Debug|Any CPU
		{4896BB6C-EC16-4F4B-B802-C2DC6DE2A335}.Release|Any CPU.ActiveCfg = Release|Any CPU
		{4896BB6C-EC16-4F4B-B802-C2DC6DE2A335}.Release|Any CPU.Build.0 = Release|Any CPU
		{27DE85E6-7501-43DF-B95E-C7AFF42AFE13}.Debug|Any CPU.ActiveCfg = Debug|Any CPU
		{27DE85E6-7501-43DF-B95E-C7AFF42AFE13}.Debug|Any CPU.Build.0 = Debug|Any CPU
		{27DE85E6-7501-43DF-B95E-C7AFF42AFE13}.Release|Any CPU.ActiveCfg = Release|Any CPU
		{27DE85E6-7501-43DF-B95E-C7AFF42AFE13}.Release|Any CPU.Build.0 = Release|Any CPU
		{676E5F7F-8A07-4B81-8651-84B20B8C6A37}.Debug|Any CPU.ActiveCfg = Debug|Any CPU
		{676E5F7F-8A07-4B81-8651-84B20B8C6A37}.Debug|Any CPU.Build.0 = Debug|Any CPU
		{676E5F7F-8A07-4B81-8651-84B20B8C6A37}.Release|Any CPU.ActiveCfg = Release|Any CPU
		{676E5F7F-8A07-4B81-8651-84B20B8C6A37}.Release|Any CPU.Build.0 = Release|Any CPU
		{790A0827-2AAE-4225-991F-E02EFFAEF68A}.Debug|Any CPU.ActiveCfg = Debug|Any CPU
		{790A0827-2AAE-4225-991F-E02EFFAEF68A}.Debug|Any CPU.Build.0 = Debug|Any CPU
		{790A0827-2AAE-4225-991F-E02EFFAEF68A}.Release|Any CPU.ActiveCfg = Release|Any CPU
		{790A0827-2AAE-4225-991F-E02EFFAEF68A}.Release|Any CPU.Build.0 = Release|Any CPU
		{C2CBF0ED-2386-4323-B0B5-AC0FA2BD9E41}.Debug|Any CPU.ActiveCfg = Debug|Any CPU
		{C2CBF0ED-2386-4323-B0B5-AC0FA2BD9E41}.Debug|Any CPU.Build.0 = Debug|Any CPU
		{C2CBF0ED-2386-4323-B0B5-AC0FA2BD9E41}.Release|Any CPU.ActiveCfg = Release|Any CPU
		{C2CBF0ED-2386-4323-B0B5-AC0FA2BD9E41}.Release|Any CPU.Build.0 = Release|Any CPU
		{006011BE-3A17-4964-A05B-6F9ED1FB098E}.Debug|Any CPU.ActiveCfg = Debug|Any CPU
		{006011BE-3A17-4964-A05B-6F9ED1FB098E}.Debug|Any CPU.Build.0 = Debug|Any CPU
		{006011BE-3A17-4964-A05B-6F9ED1FB098E}.Release|Any CPU.ActiveCfg = Release|Any CPU
		{006011BE-3A17-4964-A05B-6F9ED1FB098E}.Release|Any CPU.Build.0 = Release|Any CPU
		{E4F88EA6-04F7-4668-B12F-5432841DE266}.Debug|Any CPU.ActiveCfg = Debug|Any CPU
		{E4F88EA6-04F7-4668-B12F-5432841DE266}.Debug|Any CPU.Build.0 = Debug|Any CPU
		{E4F88EA6-04F7-4668-B12F-5432841DE266}.Release|Any CPU.ActiveCfg = Release|Any CPU
		{E4F88EA6-04F7-4668-B12F-5432841DE266}.Release|Any CPU.Build.0 = Release|Any CPU
		{D403C6DE-3D8B-451D-A06B-68F8108E9199}.Debug|Any CPU.ActiveCfg = Debug|Any CPU
		{D403C6DE-3D8B-451D-A06B-68F8108E9199}.Debug|Any CPU.Build.0 = Debug|Any CPU
		{D403C6DE-3D8B-451D-A06B-68F8108E9199}.Release|Any CPU.ActiveCfg = Release|Any CPU
		{D403C6DE-3D8B-451D-A06B-68F8108E9199}.Release|Any CPU.Build.0 = Release|Any CPU
		{58FCE958-17AE-4EE2-A0B7-2E320430FF37}.Debug|Any CPU.ActiveCfg = Debug|Any CPU
		{58FCE958-17AE-4EE2-A0B7-2E320430FF37}.Debug|Any CPU.Build.0 = Debug|Any CPU
		{58FCE958-17AE-4EE2-A0B7-2E320430FF37}.Release|Any CPU.ActiveCfg = Release|Any CPU
		{58FCE958-17AE-4EE2-A0B7-2E320430FF37}.Release|Any CPU.Build.0 = Release|Any CPU
		{77F35A39-8822-4DB1-B789-2D7A78A68B06}.Debug|Any CPU.ActiveCfg = Debug|Any CPU
		{77F35A39-8822-4DB1-B789-2D7A78A68B06}.Debug|Any CPU.Build.0 = Debug|Any CPU
		{77F35A39-8822-4DB1-B789-2D7A78A68B06}.Release|Any CPU.ActiveCfg = Release|Any CPU
		{77F35A39-8822-4DB1-B789-2D7A78A68B06}.Release|Any CPU.Build.0 = Release|Any CPU
		{B8810327-416D-4F59-9417-575A3D5C665D}.Debug|Any CPU.ActiveCfg = Debug|Any CPU
		{B8810327-416D-4F59-9417-575A3D5C665D}.Debug|Any CPU.Build.0 = Debug|Any CPU
		{B8810327-416D-4F59-9417-575A3D5C665D}.Release|Any CPU.ActiveCfg = Release|Any CPU
		{B8810327-416D-4F59-9417-575A3D5C665D}.Release|Any CPU.Build.0 = Release|Any CPU
		{D4930DD0-5511-43B0-9934-D57F43067C69}.Debug|Any CPU.ActiveCfg = Debug|Any CPU
		{D4930DD0-5511-43B0-9934-D57F43067C69}.Debug|Any CPU.Build.0 = Debug|Any CPU
		{D4930DD0-5511-43B0-9934-D57F43067C69}.Release|Any CPU.ActiveCfg = Release|Any CPU
		{D4930DD0-5511-43B0-9934-D57F43067C69}.Release|Any CPU.Build.0 = Release|Any CPU
		{62B2C1BF-7D00-4427-9463-CC6028633284}.Debug|Any CPU.ActiveCfg = Debug|Any CPU
		{62B2C1BF-7D00-4427-9463-CC6028633284}.Debug|Any CPU.Build.0 = Debug|Any CPU
		{62B2C1BF-7D00-4427-9463-CC6028633284}.Release|Any CPU.ActiveCfg = Release|Any CPU
		{62B2C1BF-7D00-4427-9463-CC6028633284}.Release|Any CPU.Build.0 = Release|Any CPU
		{D9BBAF0F-FC4F-4CD3-A16C-2BF81B60FE3A}.Debug|Any CPU.ActiveCfg = Debug|Any CPU
		{D9BBAF0F-FC4F-4CD3-A16C-2BF81B60FE3A}.Debug|Any CPU.Build.0 = Debug|Any CPU
		{D9BBAF0F-FC4F-4CD3-A16C-2BF81B60FE3A}.Release|Any CPU.ActiveCfg = Release|Any CPU
		{D9BBAF0F-FC4F-4CD3-A16C-2BF81B60FE3A}.Release|Any CPU.Build.0 = Release|Any CPU
		{C5D54BF5-FF3E-4BA4-A15B-D41AC4D37344}.Debug|Any CPU.ActiveCfg = Debug|Any CPU
		{C5D54BF5-FF3E-4BA4-A15B-D41AC4D37344}.Debug|Any CPU.Build.0 = Debug|Any CPU
		{C5D54BF5-FF3E-4BA4-A15B-D41AC4D37344}.Release|Any CPU.ActiveCfg = Release|Any CPU
		{C5D54BF5-FF3E-4BA4-A15B-D41AC4D37344}.Release|Any CPU.Build.0 = Release|Any CPU
		{124144A9-901F-4ED9-BEF5-1B52E7A6CE0B}.Debug|Any CPU.ActiveCfg = Debug|Any CPU
		{124144A9-901F-4ED9-BEF5-1B52E7A6CE0B}.Debug|Any CPU.Build.0 = Debug|Any CPU
		{124144A9-901F-4ED9-BEF5-1B52E7A6CE0B}.Release|Any CPU.ActiveCfg = Release|Any CPU
		{124144A9-901F-4ED9-BEF5-1B52E7A6CE0B}.Release|Any CPU.Build.0 = Release|Any CPU
		{6F395D12-3B39-4AC4-9CB4-B80097F8C879}.Debug|Any CPU.ActiveCfg = Debug|Any CPU
		{6F395D12-3B39-4AC4-9CB4-B80097F8C879}.Debug|Any CPU.Build.0 = Debug|Any CPU
		{6F395D12-3B39-4AC4-9CB4-B80097F8C879}.Release|Any CPU.ActiveCfg = Release|Any CPU
		{6F395D12-3B39-4AC4-9CB4-B80097F8C879}.Release|Any CPU.Build.0 = Release|Any CPU
		{CF65919D-1FFD-45BA-9E5A-923566CF0951}.Debug|Any CPU.ActiveCfg = Debug|Any CPU
		{CF65919D-1FFD-45BA-9E5A-923566CF0951}.Debug|Any CPU.Build.0 = Debug|Any CPU
		{CF65919D-1FFD-45BA-9E5A-923566CF0951}.Release|Any CPU.ActiveCfg = Release|Any CPU
		{CF65919D-1FFD-45BA-9E5A-923566CF0951}.Release|Any CPU.Build.0 = Release|Any CPU
		{C5C332D9-8BFD-4F66-A232-F5A1DDA93EB5}.Debug|Any CPU.ActiveCfg = Debug|Any CPU
		{C5C332D9-8BFD-4F66-A232-F5A1DDA93EB5}.Debug|Any CPU.Build.0 = Debug|Any CPU
		{C5C332D9-8BFD-4F66-A232-F5A1DDA93EB5}.Release|Any CPU.ActiveCfg = Release|Any CPU
		{C5C332D9-8BFD-4F66-A232-F5A1DDA93EB5}.Release|Any CPU.Build.0 = Release|Any CPU
	EndGlobalSection
	GlobalSection(NestedProjects) = preSolution
		{B6FE9232-2FC8-4FD6-B5E6-E491727B5B3B} = {3BDEB90B-3340-4E27-82CF-55950769C175}
		{FDB08755-C4A3-467D-A687-D60542176505} = {2AD75841-2250-4DB1-8517-D67E9B45EC68}
		{CF247D8F-2534-4BB5-9BB9-3610D9578639} = {2AD75841-2250-4DB1-8517-D67E9B45EC68}
		{95968859-7729-4F0F-83A8-0FB4B1BED72A} = {2AD75841-2250-4DB1-8517-D67E9B45EC68}
		{AECCAE0C-1B6F-4B01-B0F0-41FF2A289C9A} = {2AD75841-2250-4DB1-8517-D67E9B45EC68}
		{34018F66-6095-4769-8CE9-D590F9DFB30A} = {2AD75841-2250-4DB1-8517-D67E9B45EC68}
		{D0F3BC18-C15C-44A2-9C9F-0A31C9227C4D} = {2AD75841-2250-4DB1-8517-D67E9B45EC68}
		{C2C69E7D-51EF-4D72-8AD5-3C9B71C7DE4D} = {2259439B-8D85-41FF-BA59-2D06D03630A6}
		{2B9E1161-13DD-4337-886F-18F75F2CEB02} = {2259439B-8D85-41FF-BA59-2D06D03630A6}
		{C8E5477D-1D65-43A4-8BCA-F3CA048B19B5} = {2259439B-8D85-41FF-BA59-2D06D03630A6}
		{1E755433-9EDB-457A-BE8C-D1DC319B4621} = {ACDB20CD-0EA7-4CF5-B612-D76CE02B82A9}
		{F82A6987-EB75-45B1-8F49-EE8A6FD5043E} = {ACDB20CD-0EA7-4CF5-B612-D76CE02B82A9}
		{449004E5-CCEE-4355-93AA-CF200F26F113} = {ACDB20CD-0EA7-4CF5-B612-D76CE02B82A9}
		{38780598-D513-419D-B4B8-7012678A8D2D} = {ACDB20CD-0EA7-4CF5-B612-D76CE02B82A9}
		{B5DBF03F-BE7F-428B-AF46-DF4EAE0FB41C} = {68C19CB6-44C2-46BC-BD76-E142CF471566}
		{4896BB6C-EC16-4F4B-B802-C2DC6DE2A335} = {68C19CB6-44C2-46BC-BD76-E142CF471566}
		{27DE85E6-7501-43DF-B95E-C7AFF42AFE13} = {68C19CB6-44C2-46BC-BD76-E142CF471566}
		{676E5F7F-8A07-4B81-8651-84B20B8C6A37} = {68C19CB6-44C2-46BC-BD76-E142CF471566}
		{790A0827-2AAE-4225-991F-E02EFFAEF68A} = {68C19CB6-44C2-46BC-BD76-E142CF471566}
		{C2CBF0ED-2386-4323-B0B5-AC0FA2BD9E41} = {43033647-555C-42BA-B466-B21EE21154FC}
		{006011BE-3A17-4964-A05B-6F9ED1FB098E} = {43033647-555C-42BA-B466-B21EE21154FC}
		{E4F88EA6-04F7-4668-B12F-5432841DE266} = {3BDC2DC8-7E92-4EE9-A0B4-9D76E9F260D2}
		{D403C6DE-3D8B-451D-A06B-68F8108E9199} = {53FF32E7-2AEB-4A2E-A832-AA0F2474E909}
		{58FCE958-17AE-4EE2-A0B7-2E320430FF37} = {53FF32E7-2AEB-4A2E-A832-AA0F2474E909}
		{77F35A39-8822-4DB1-B789-2D7A78A68B06} = {53FF32E7-2AEB-4A2E-A832-AA0F2474E909}
		{B8810327-416D-4F59-9417-575A3D5C665D} = {53FF32E7-2AEB-4A2E-A832-AA0F2474E909}
		{D4930DD0-5511-43B0-9934-D57F43067C69} = {53FF32E7-2AEB-4A2E-A832-AA0F2474E909}
		{62B2C1BF-7D00-4427-9463-CC6028633284} = {53FF32E7-2AEB-4A2E-A832-AA0F2474E909}
		{D9BBAF0F-FC4F-4CD3-A16C-2BF81B60FE3A} = {17223F87-D5F2-4B0C-9769-DDC1FF5C9701}
		{0C27103A-574D-4B76-BFCD-4E8B13F49A8F} = {397B3811-4258-43FB-98A5-131A1E7E1C3E}
		{C5C332D9-8BFD-4F66-A232-F5A1DDA93EB5} = {0C27103A-574D-4B76-BFCD-4E8B13F49A8F}
	EndGlobalSection
	GlobalSection(MonoDevelopProperties) = preSolution
		Policies = $0
		$0.DotNetNamingPolicy = $1
		$1.DirectoryNamespaceAssociation = PrefixedHierarchical
	EndGlobalSection
EndGlobal
