
Microsoft Visual Studio Solution File, Format Version 12.00
# Visual Studio 2012
Project("{2150E333-8FDC-42A3-9474-1A3956D46DE8}") = "Applications", "Applications", "{2AD75841-2250-4DB1-8517-D67E9B45EC68}"
EndProject
Project("{2150E333-8FDC-42A3-9474-1A3956D46DE8}") = "Common", "Common", "{9BBD622B-2BE6-45DF-8A47-15D8D152E554}"
EndProject
Project("{2150E333-8FDC-42A3-9474-1A3956D46DE8}") = "Integration", "Integration", "{2259439B-8D85-41FF-BA59-2D06D03630A6}"
EndProject
Project("{2150E333-8FDC-42A3-9474-1A3956D46DE8}") = "Persistance", "Persistance", "{ACDB20CD-0EA7-4CF5-B612-D76CE02B82A9}"
EndProject
Project("{2150E333-8FDC-42A3-9474-1A3956D46DE8}") = "ProcessService", "ProcessService", "{68C19CB6-44C2-46BC-BD76-E142CF471566}"
EndProject
Project("{2150E333-8FDC-42A3-9474-1A3956D46DE8}") = "Computation", "Computation", "{43033647-555C-42BA-B466-B21EE21154FC}"
EndProject
Project("{2150E333-8FDC-42A3-9474-1A3956D46DE8}") = "Specification", "Specification", "{3BDEB90B-3340-4E27-82CF-55950769C175}"
EndProject
Project("{2150E333-8FDC-42A3-9474-1A3956D46DE8}") = "Domain", "Domain", "{3BDC2DC8-7E92-4EE9-A0B4-9D76E9F260D2}"
EndProject
Project("{2150E333-8FDC-42A3-9474-1A3956D46DE8}") = ".Core", ".Core", "{53FF32E7-2AEB-4A2E-A832-AA0F2474E909}"
EndProject
Project("{FAE04EC0-301F-11D3-BF4B-00C04F79EFBC}") = "TIK.Core", "Core\TIK.Core\TIK.Core.csproj", "{7EBBC8E7-E068-48AC-814C-77AE569AD3F2}"
EndProject
Project("{FAE04EC0-301F-11D3-BF4B-00C04F79EFBC}") = "TIK.WebPortal", "TIK.WebPortal\TIK.WebPortal.csproj", "{39FD8CE0-442E-49BF-B77B-D194C20CF036}"
EndProject
Project("{FAE04EC0-301F-11D3-BF4B-00C04F79EFBC}") = "TIK.ProcessService", "ProcessService\TIK.ProcessService\TIK.ProcessService.csproj", "{A5F0D521-A281-467B-AF7C-F8AFF5A5551A}"
EndProject
Project("{FAE04EC0-301F-11D3-BF4B-00C04F79EFBC}") = "TIK.Computation.ServiceNode.Hangfire", "Computation\TIK.Computation.ServiceNode.Hangfire\TIK.Computation.ServiceNode.Hangfire.csproj", "{87CA1CB2-7224-47D9-8794-DDB595558787}"
EndProject
Project("{FAE04EC0-301F-11D3-BF4B-00C04F79EFBC}") = "TIK.Persistance", "Persistance\TIK.Persistance\TIK.Persistance.csproj", "{C714A71A-8199-4A0B-89AE-E68D31083D7C}"
EndProject
Project("{FAE04EC0-301F-11D3-BF4B-00C04F79EFBC}") = "TIK.Domain", "Domain\TIK.Domain\TIK.Domain.csproj", "{54079592-31F0-4FF2-869F-E1A2FBB40ABF}"
EndProject
Project("{FAE04EC0-301F-11D3-BF4B-00C04F79EFBC}") = "TIK.Persistance.ElasticSearch", "Persistance\TIK.Persistance.ElasticSearch\TIK.Persistance.ElasticSearch.csproj", "{00EA75B0-BFF6-49E3-BB9E-B90F3355D985}"
EndProject
Project("{FAE04EC0-301F-11D3-BF4B-00C04F79EFBC}") = "TIK.Persistance.Redis", "Persistance\TIK.Persistance.Redis\TIK.Persistance.Redis.csproj", "{38A3EEFB-50C1-478F-804D-AF6387BA2298}"
EndProject
Project("{FAE04EC0-301F-11D3-BF4B-00C04F79EFBC}") = "TIK.Applications", "Applications\TIK.Applications\TIK.Applications.csproj", "{8C3CF5D6-E242-440C-B84C-67BB4B7919C4}"
EndProject
Project("{FAE04EC0-301F-11D3-BF4B-00C04F79EFBC}") = "TIK.Applications.Bulk", "Applications\TIK.Applications.Bulk\TIK.Applications.Bulk.csproj", "{6D82349C-25DC-4E1E-999D-ADF7D0DF80AC}"
EndProject
Project("{FAE04EC0-301F-11D3-BF4B-00C04F79EFBC}") = "TIK.Persistance.ElasticSearch.Tests", "Persistance\TIK.Persistance.ElasticSearch.Tests\TIK.Persistance.ElasticSearch.Tests.csproj", "{DC5F48C8-6942-41BF-97F2-3C24003B7760}"
EndProject
Project("{FAE04EC0-301F-11D3-BF4B-00C04F79EFBC}") = "TIK.Applications.Membership", "Applications\TIK.Applications.Membership\TIK.Applications.Membership.csproj", "{C5067687-A47D-4962-8905-8A420F8DE090}"
EndProject
Project("{FAE04EC0-301F-11D3-BF4B-00C04F79EFBC}") = "TIK.ProcessService.Membership", "ProcessService\TIK.ProcessService.Membership\TIK.ProcessService.Membership.csproj", "{D6A51ED1-374C-47EC-A574-4B0343898165}"
EndProject
Project("{FAE04EC0-301F-11D3-BF4B-00C04F79EFBC}") = "TIK.Integration", "Integration\TIK.Integration\TIK.Integration.csproj", "{8DE105AF-54B8-4881-8648-91C3C46B44D9}"
EndProject
Project("{FAE04EC0-301F-11D3-BF4B-00C04F79EFBC}") = "TIK.Integration.SignalR", "Integration\TIK.Integration.SignalR\TIK.Integration.SignalR.csproj", "{CD3FF1AA-6810-4EFD-9213-B238088C0E5B}"
EndProject
Project("{FAE04EC0-301F-11D3-BF4B-00C04F79EFBC}") = "TIK.WebPortal.Sockets", "TIK.WebPortal.Sockets\TIK.WebPortal.Sockets.csproj", "{89FC8B7E-DC02-46BD-8B76-A24A587EC06D}"
EndProject
Project("{2150E333-8FDC-42A3-9474-1A3956D46DE8}") = "Consumers", "Consumers", "{17223F87-D5F2-4B0C-9769-DDC1FF5C9701}"
EndProject
Project("{FAE04EC0-301F-11D3-BF4B-00C04F79EFBC}") = "TIK.Consumers.Sockets", "Consumers\TIK.Consumers.Sockets\TIK.Consumers.Sockets.csproj", "{7F523003-3477-4E2B-96D0-BBBA58E94D20}"
EndProject
Project("{9344BDBB-3E7F-41FC-A0DD-8665D75EE146}") = "TIK.Applications.DataTransformation", "Applications\TIK.Applications.DataTransformation\TIK.Applications.DataTransformation.csproj", "{232B9CD7-CFB9-4142-A9FE-E33D6759C1F7}"
EndProject
Project("{9344BDBB-3E7F-41FC-A0DD-8665D75EE146}") = "TIK.Applications.Single", "Applications\TIK.Applications.Single\TIK.Applications.Single.csproj", "{24E4BF31-4F7D-4155-8CFA-32F992F3F274}"
EndProject
Project("{9344BDBB-3E7F-41FC-A0DD-8665D75EE146}") = "TIK.ProcessService.Hangfire.Bulk", "ProcessService\TIK.ProcessService.Hangfire.Bulk\TIK.ProcessService.Hangfire.Bulk.csproj", "{07F7E39E-16FD-4358-BFBF-13DD4C3E3BDD}"
EndProject
Project("{9344BDBB-3E7F-41FC-A0DD-8665D75EE146}") = "TIK.ProcessService.Hangfire.DataTransformation", "ProcessService\TIK.ProcessService.Hangfire.DataTransformation\TIK.ProcessService.Hangfire.DataTransformation.csproj", "{9A2C58C7-6346-4EF7-83E5-269383BEA272}"
EndProject
Project("{9344BDBB-3E7F-41FC-A0DD-8665D75EE146}") = "TIK.ProcessService.Akka.Single", "ProcessService\TIK.ProcessService.Akka.Single\TIK.ProcessService.Akka.Single.csproj", "{1A829EF9-2172-4C96-8FC3-4C0404D4C461}"
EndProject
Project("{9344BDBB-3E7F-41FC-A0DD-8665D75EE146}") = "TIK.Computation", "Computation\TIK.Computation\TIK.Computation.csproj", "{54489929-B6E7-42E3-93EC-13BD513BE7BE}"
EndProject
Project("{9344BDBB-3E7F-41FC-A0DD-8665D75EE146}") = "TIK.Specification", "Specification\TIK.Specification\TIK.Specification.csproj", "{32A49475-DC4A-4DBB-8F90-0EADA06DF65E}"
EndProject
Project("{9344BDBB-3E7F-41FC-A0DD-8665D75EE146}") = "TIK.UnitTests", "TIK.UnitTests\TIK.UnitTests.csproj", "{6B97A5AB-E8CF-43B1-944E-301D1ECFAFCE}"
EndProject
Project("{9344BDBB-3E7F-41FC-A0DD-8665D75EE146}") = "TIK.Governance", "TIK.Governance\TIK.Governance.csproj", "{44C0E236-612F-4BC7-80DF-99937D833616}"
EndProject
Project("{FAE04EC0-301F-11D3-BF4B-00C04F79EFBC}") = "TIK.WebPortal.SignalR", "TIK.WebPortal.SignalR\TIK.WebPortal.SignalR.csproj", "{D8E6EC5C-0B02-47A3-8395-5E1E6D2D55DA}"
EndProject
Global
	GlobalSection(SolutionConfigurationPlatforms) = preSolution
		Debug|Any CPU = Debug|Any CPU
		Release|Any CPU = Release|Any CPU
	EndGlobalSection
	GlobalSection(ProjectConfigurationPlatforms) = postSolution
		{7EBBC8E7-E068-48AC-814C-77AE569AD3F2}.Debug|Any CPU.ActiveCfg = Debug|Any CPU
		{7EBBC8E7-E068-48AC-814C-77AE569AD3F2}.Debug|Any CPU.Build.0 = Debug|Any CPU
		{7EBBC8E7-E068-48AC-814C-77AE569AD3F2}.Release|Any CPU.ActiveCfg = Release|Any CPU
		{7EBBC8E7-E068-48AC-814C-77AE569AD3F2}.Release|Any CPU.Build.0 = Release|Any CPU
		{39FD8CE0-442E-49BF-B77B-D194C20CF036}.Debug|Any CPU.ActiveCfg = Debug|Any CPU
		{39FD8CE0-442E-49BF-B77B-D194C20CF036}.Debug|Any CPU.Build.0 = Debug|Any CPU
		{39FD8CE0-442E-49BF-B77B-D194C20CF036}.Release|Any CPU.ActiveCfg = Release|Any CPU
		{39FD8CE0-442E-49BF-B77B-D194C20CF036}.Release|Any CPU.Build.0 = Release|Any CPU
		{A5F0D521-A281-467B-AF7C-F8AFF5A5551A}.Debug|Any CPU.ActiveCfg = Debug|Any CPU
		{A5F0D521-A281-467B-AF7C-F8AFF5A5551A}.Debug|Any CPU.Build.0 = Debug|Any CPU
		{A5F0D521-A281-467B-AF7C-F8AFF5A5551A}.Release|Any CPU.ActiveCfg = Release|Any CPU
		{A5F0D521-A281-467B-AF7C-F8AFF5A5551A}.Release|Any CPU.Build.0 = Release|Any CPU
		{87CA1CB2-7224-47D9-8794-DDB595558787}.Debug|Any CPU.ActiveCfg = Debug|Any CPU
		{87CA1CB2-7224-47D9-8794-DDB595558787}.Debug|Any CPU.Build.0 = Debug|Any CPU
		{87CA1CB2-7224-47D9-8794-DDB595558787}.Release|Any CPU.ActiveCfg = Release|Any CPU
		{87CA1CB2-7224-47D9-8794-DDB595558787}.Release|Any CPU.Build.0 = Release|Any CPU
		{C714A71A-8199-4A0B-89AE-E68D31083D7C}.Debug|Any CPU.ActiveCfg = Debug|Any CPU
		{C714A71A-8199-4A0B-89AE-E68D31083D7C}.Debug|Any CPU.Build.0 = Debug|Any CPU
		{C714A71A-8199-4A0B-89AE-E68D31083D7C}.Release|Any CPU.ActiveCfg = Release|Any CPU
		{C714A71A-8199-4A0B-89AE-E68D31083D7C}.Release|Any CPU.Build.0 = Release|Any CPU
		{54079592-31F0-4FF2-869F-E1A2FBB40ABF}.Debug|Any CPU.ActiveCfg = Debug|Any CPU
		{54079592-31F0-4FF2-869F-E1A2FBB40ABF}.Debug|Any CPU.Build.0 = Debug|Any CPU
		{54079592-31F0-4FF2-869F-E1A2FBB40ABF}.Release|Any CPU.ActiveCfg = Release|Any CPU
		{54079592-31F0-4FF2-869F-E1A2FBB40ABF}.Release|Any CPU.Build.0 = Release|Any CPU
		{00EA75B0-BFF6-49E3-BB9E-B90F3355D985}.Debug|Any CPU.ActiveCfg = Debug|Any CPU
		{00EA75B0-BFF6-49E3-BB9E-B90F3355D985}.Debug|Any CPU.Build.0 = Debug|Any CPU
		{00EA75B0-BFF6-49E3-BB9E-B90F3355D985}.Release|Any CPU.ActiveCfg = Release|Any CPU
		{00EA75B0-BFF6-49E3-BB9E-B90F3355D985}.Release|Any CPU.Build.0 = Release|Any CPU
		{38A3EEFB-50C1-478F-804D-AF6387BA2298}.Debug|Any CPU.ActiveCfg = Debug|Any CPU
		{38A3EEFB-50C1-478F-804D-AF6387BA2298}.Debug|Any CPU.Build.0 = Debug|Any CPU
		{38A3EEFB-50C1-478F-804D-AF6387BA2298}.Release|Any CPU.ActiveCfg = Release|Any CPU
		{38A3EEFB-50C1-478F-804D-AF6387BA2298}.Release|Any CPU.Build.0 = Release|Any CPU
		{8C3CF5D6-E242-440C-B84C-67BB4B7919C4}.Debug|Any CPU.ActiveCfg = Debug|Any CPU
		{8C3CF5D6-E242-440C-B84C-67BB4B7919C4}.Debug|Any CPU.Build.0 = Debug|Any CPU
		{8C3CF5D6-E242-440C-B84C-67BB4B7919C4}.Release|Any CPU.ActiveCfg = Release|Any CPU
		{8C3CF5D6-E242-440C-B84C-67BB4B7919C4}.Release|Any CPU.Build.0 = Release|Any CPU
		{6D82349C-25DC-4E1E-999D-ADF7D0DF80AC}.Debug|Any CPU.ActiveCfg = Debug|Any CPU
		{6D82349C-25DC-4E1E-999D-ADF7D0DF80AC}.Debug|Any CPU.Build.0 = Debug|Any CPU
		{6D82349C-25DC-4E1E-999D-ADF7D0DF80AC}.Release|Any CPU.ActiveCfg = Release|Any CPU
		{6D82349C-25DC-4E1E-999D-ADF7D0DF80AC}.Release|Any CPU.Build.0 = Release|Any CPU
		{DC5F48C8-6942-41BF-97F2-3C24003B7760}.Debug|Any CPU.ActiveCfg = Debug|Any CPU
		{DC5F48C8-6942-41BF-97F2-3C24003B7760}.Debug|Any CPU.Build.0 = Debug|Any CPU
		{DC5F48C8-6942-41BF-97F2-3C24003B7760}.Release|Any CPU.ActiveCfg = Release|Any CPU
		{DC5F48C8-6942-41BF-97F2-3C24003B7760}.Release|Any CPU.Build.0 = Release|Any CPU
		{C5067687-A47D-4962-8905-8A420F8DE090}.Debug|Any CPU.ActiveCfg = Debug|Any CPU
		{C5067687-A47D-4962-8905-8A420F8DE090}.Debug|Any CPU.Build.0 = Debug|Any CPU
		{C5067687-A47D-4962-8905-8A420F8DE090}.Release|Any CPU.ActiveCfg = Release|Any CPU
		{C5067687-A47D-4962-8905-8A420F8DE090}.Release|Any CPU.Build.0 = Release|Any CPU
		{D6A51ED1-374C-47EC-A574-4B0343898165}.Debug|Any CPU.ActiveCfg = Debug|Any CPU
		{D6A51ED1-374C-47EC-A574-4B0343898165}.Debug|Any CPU.Build.0 = Debug|Any CPU
		{D6A51ED1-374C-47EC-A574-4B0343898165}.Release|Any CPU.ActiveCfg = Release|Any CPU
		{D6A51ED1-374C-47EC-A574-4B0343898165}.Release|Any CPU.Build.0 = Release|Any CPU
		{8DE105AF-54B8-4881-8648-91C3C46B44D9}.Debug|Any CPU.ActiveCfg = Debug|Any CPU
		{8DE105AF-54B8-4881-8648-91C3C46B44D9}.Debug|Any CPU.Build.0 = Debug|Any CPU
		{8DE105AF-54B8-4881-8648-91C3C46B44D9}.Release|Any CPU.ActiveCfg = Release|Any CPU
		{8DE105AF-54B8-4881-8648-91C3C46B44D9}.Release|Any CPU.Build.0 = Release|Any CPU
		{CD3FF1AA-6810-4EFD-9213-B238088C0E5B}.Debug|Any CPU.ActiveCfg = Debug|Any CPU
		{CD3FF1AA-6810-4EFD-9213-B238088C0E5B}.Debug|Any CPU.Build.0 = Debug|Any CPU
		{CD3FF1AA-6810-4EFD-9213-B238088C0E5B}.Release|Any CPU.ActiveCfg = Release|Any CPU
		{CD3FF1AA-6810-4EFD-9213-B238088C0E5B}.Release|Any CPU.Build.0 = Release|Any CPU
		{89FC8B7E-DC02-46BD-8B76-A24A587EC06D}.Debug|Any CPU.ActiveCfg = Debug|Any CPU
		{89FC8B7E-DC02-46BD-8B76-A24A587EC06D}.Debug|Any CPU.Build.0 = Debug|Any CPU
		{89FC8B7E-DC02-46BD-8B76-A24A587EC06D}.Release|Any CPU.ActiveCfg = Release|Any CPU
		{89FC8B7E-DC02-46BD-8B76-A24A587EC06D}.Release|Any CPU.Build.0 = Release|Any CPU
		{7F523003-3477-4E2B-96D0-BBBA58E94D20}.Debug|Any CPU.ActiveCfg = Debug|Any CPU
		{7F523003-3477-4E2B-96D0-BBBA58E94D20}.Debug|Any CPU.Build.0 = Debug|Any CPU
		{7F523003-3477-4E2B-96D0-BBBA58E94D20}.Release|Any CPU.ActiveCfg = Release|Any CPU
		{7F523003-3477-4E2B-96D0-BBBA58E94D20}.Release|Any CPU.Build.0 = Release|Any CPU
		{232B9CD7-CFB9-4142-A9FE-E33D6759C1F7}.Debug|Any CPU.ActiveCfg = Debug|Any CPU
		{232B9CD7-CFB9-4142-A9FE-E33D6759C1F7}.Debug|Any CPU.Build.0 = Debug|Any CPU
		{232B9CD7-CFB9-4142-A9FE-E33D6759C1F7}.Release|Any CPU.ActiveCfg = Release|Any CPU
		{232B9CD7-CFB9-4142-A9FE-E33D6759C1F7}.Release|Any CPU.Build.0 = Release|Any CPU
		{24E4BF31-4F7D-4155-8CFA-32F992F3F274}.Debug|Any CPU.ActiveCfg = Debug|Any CPU
		{24E4BF31-4F7D-4155-8CFA-32F992F3F274}.Debug|Any CPU.Build.0 = Debug|Any CPU
		{24E4BF31-4F7D-4155-8CFA-32F992F3F274}.Release|Any CPU.ActiveCfg = Release|Any CPU
		{24E4BF31-4F7D-4155-8CFA-32F992F3F274}.Release|Any CPU.Build.0 = Release|Any CPU
		{07F7E39E-16FD-4358-BFBF-13DD4C3E3BDD}.Debug|Any CPU.ActiveCfg = Debug|Any CPU
		{07F7E39E-16FD-4358-BFBF-13DD4C3E3BDD}.Debug|Any CPU.Build.0 = Debug|Any CPU
		{07F7E39E-16FD-4358-BFBF-13DD4C3E3BDD}.Release|Any CPU.ActiveCfg = Release|Any CPU
		{07F7E39E-16FD-4358-BFBF-13DD4C3E3BDD}.Release|Any CPU.Build.0 = Release|Any CPU
		{9A2C58C7-6346-4EF7-83E5-269383BEA272}.Debug|Any CPU.ActiveCfg = Debug|Any CPU
		{9A2C58C7-6346-4EF7-83E5-269383BEA272}.Debug|Any CPU.Build.0 = Debug|Any CPU
		{9A2C58C7-6346-4EF7-83E5-269383BEA272}.Release|Any CPU.ActiveCfg = Release|Any CPU
		{9A2C58C7-6346-4EF7-83E5-269383BEA272}.Release|Any CPU.Build.0 = Release|Any CPU
		{1A829EF9-2172-4C96-8FC3-4C0404D4C461}.Debug|Any CPU.ActiveCfg = Debug|Any CPU
		{1A829EF9-2172-4C96-8FC3-4C0404D4C461}.Debug|Any CPU.Build.0 = Debug|Any CPU
		{1A829EF9-2172-4C96-8FC3-4C0404D4C461}.Release|Any CPU.ActiveCfg = Release|Any CPU
		{1A829EF9-2172-4C96-8FC3-4C0404D4C461}.Release|Any CPU.Build.0 = Release|Any CPU
		{54489929-B6E7-42E3-93EC-13BD513BE7BE}.Debug|Any CPU.ActiveCfg = Debug|Any CPU
		{54489929-B6E7-42E3-93EC-13BD513BE7BE}.Debug|Any CPU.Build.0 = Debug|Any CPU
		{54489929-B6E7-42E3-93EC-13BD513BE7BE}.Release|Any CPU.ActiveCfg = Release|Any CPU
		{54489929-B6E7-42E3-93EC-13BD513BE7BE}.Release|Any CPU.Build.0 = Release|Any CPU
		{32A49475-DC4A-4DBB-8F90-0EADA06DF65E}.Debug|Any CPU.ActiveCfg = Debug|Any CPU
		{32A49475-DC4A-4DBB-8F90-0EADA06DF65E}.Debug|Any CPU.Build.0 = Debug|Any CPU
		{32A49475-DC4A-4DBB-8F90-0EADA06DF65E}.Release|Any CPU.ActiveCfg = Release|Any CPU
		{32A49475-DC4A-4DBB-8F90-0EADA06DF65E}.Release|Any CPU.Build.0 = Release|Any CPU
		{6B97A5AB-E8CF-43B1-944E-301D1ECFAFCE}.Debug|Any CPU.ActiveCfg = Debug|Any CPU
		{6B97A5AB-E8CF-43B1-944E-301D1ECFAFCE}.Debug|Any CPU.Build.0 = Debug|Any CPU
		{6B97A5AB-E8CF-43B1-944E-301D1ECFAFCE}.Release|Any CPU.ActiveCfg = Release|Any CPU
		{6B97A5AB-E8CF-43B1-944E-301D1ECFAFCE}.Release|Any CPU.Build.0 = Release|Any CPU
		{44C0E236-612F-4BC7-80DF-99937D833616}.Debug|Any CPU.ActiveCfg = Debug|Any CPU
		{44C0E236-612F-4BC7-80DF-99937D833616}.Debug|Any CPU.Build.0 = Debug|Any CPU
		{44C0E236-612F-4BC7-80DF-99937D833616}.Release|Any CPU.ActiveCfg = Release|Any CPU
		{44C0E236-612F-4BC7-80DF-99937D833616}.Release|Any CPU.Build.0 = Release|Any CPU
		{D8E6EC5C-0B02-47A3-8395-5E1E6D2D55DA}.Debug|Any CPU.ActiveCfg = Debug|Any CPU
		{D8E6EC5C-0B02-47A3-8395-5E1E6D2D55DA}.Debug|Any CPU.Build.0 = Debug|Any CPU
		{D8E6EC5C-0B02-47A3-8395-5E1E6D2D55DA}.Release|Any CPU.ActiveCfg = Release|Any CPU
		{D8E6EC5C-0B02-47A3-8395-5E1E6D2D55DA}.Release|Any CPU.Build.0 = Release|Any CPU
	EndGlobalSection
	GlobalSection(NestedProjects) = preSolution
		{7EBBC8E7-E068-48AC-814C-77AE569AD3F2} = {53FF32E7-2AEB-4A2E-A832-AA0F2474E909}
		{A5F0D521-A281-467B-AF7C-F8AFF5A5551A} = {68C19CB6-44C2-46BC-BD76-E142CF471566}
		{87CA1CB2-7224-47D9-8794-DDB595558787} = {43033647-555C-42BA-B466-B21EE21154FC}
		{C714A71A-8199-4A0B-89AE-E68D31083D7C} = {ACDB20CD-0EA7-4CF5-B612-D76CE02B82A9}
		{54079592-31F0-4FF2-869F-E1A2FBB40ABF} = {3BDC2DC8-7E92-4EE9-A0B4-9D76E9F260D2}
		{00EA75B0-BFF6-49E3-BB9E-B90F3355D985} = {ACDB20CD-0EA7-4CF5-B612-D76CE02B82A9}
		{38A3EEFB-50C1-478F-804D-AF6387BA2298} = {ACDB20CD-0EA7-4CF5-B612-D76CE02B82A9}
		{8C3CF5D6-E242-440C-B84C-67BB4B7919C4} = {2AD75841-2250-4DB1-8517-D67E9B45EC68}
		{6D82349C-25DC-4E1E-999D-ADF7D0DF80AC} = {2AD75841-2250-4DB1-8517-D67E9B45EC68}
		{DC5F48C8-6942-41BF-97F2-3C24003B7760} = {ACDB20CD-0EA7-4CF5-B612-D76CE02B82A9}
		{C5067687-A47D-4962-8905-8A420F8DE090} = {2AD75841-2250-4DB1-8517-D67E9B45EC68}
		{D6A51ED1-374C-47EC-A574-4B0343898165} = {68C19CB6-44C2-46BC-BD76-E142CF471566}
		{8DE105AF-54B8-4881-8648-91C3C46B44D9} = {2259439B-8D85-41FF-BA59-2D06D03630A6}
		{CD3FF1AA-6810-4EFD-9213-B238088C0E5B} = {2259439B-8D85-41FF-BA59-2D06D03630A6}
		{7F523003-3477-4E2B-96D0-BBBA58E94D20} = {17223F87-D5F2-4B0C-9769-DDC1FF5C9701}
		{232B9CD7-CFB9-4142-A9FE-E33D6759C1F7} = {2AD75841-2250-4DB1-8517-D67E9B45EC68}
		{24E4BF31-4F7D-4155-8CFA-32F992F3F274} = {2AD75841-2250-4DB1-8517-D67E9B45EC68}
		{07F7E39E-16FD-4358-BFBF-13DD4C3E3BDD} = {68C19CB6-44C2-46BC-BD76-E142CF471566}
		{9A2C58C7-6346-4EF7-83E5-269383BEA272} = {68C19CB6-44C2-46BC-BD76-E142CF471566}
		{1A829EF9-2172-4C96-8FC3-4C0404D4C461} = {68C19CB6-44C2-46BC-BD76-E142CF471566}
		{54489929-B6E7-42E3-93EC-13BD513BE7BE} = {43033647-555C-42BA-B466-B21EE21154FC}
		{32A49475-DC4A-4DBB-8F90-0EADA06DF65E} = {3BDEB90B-3340-4E27-82CF-55950769C175}
	EndGlobalSection
EndGlobal
